
Microsoft Visual Studio Solution File, Format Version 12.00
# Visual Studio 14
VisualStudioVersion = 14.0.25123.0
MinimumVisualStudioVersion = 10.0.40219.1
Project("{FAE04EC0-301F-11D3-BF4B-00C04F79EFBC}") = "TicTacToe", "TicTacToe\TicTacToe.csproj", "{35F8C4C4-295F-4CC9-B670-C6EF71D33185}"
EndProject
Project("{2150E333-8FDC-42A3-9474-1A3956D46DE8}") = "GitHub-Doku", "GitHub-Doku", "{E6D70202-CE5F-4A2E-8101-C66F4334EE21}"
	ProjectSection(SolutionItems) = preProject
		Design.md = Design.md
		Projektstart.md = Projektstart.md
		README.md = README.md
	EndProjectSection
EndProject
Global
	GlobalSection(SolutionConfigurationPlatforms) = preSolution
		Debug|Any CPU = Debug|Any CPU
		Release|Any CPU = Release|Any CPU
	EndGlobalSection
	GlobalSection(ProjectConfigurationPlatforms) = postSolution
		{35F8C4C4-295F-4CC9-B670-C6EF71D33185}.Debug|Any CPU.ActiveCfg = Debug|Any CPU
		{35F8C4C4-295F-4CC9-B670-C6EF71D33185}.Debug|Any CPU.Build.0 = Debug|Any CPU
		{35F8C4C4-295F-4CC9-B670-C6EF71D33185}.Release|Any CPU.ActiveCfg = Release|Any CPU
		{35F8C4C4-295F-4CC9-B670-C6EF71D33185}.Release|Any CPU.Build.0 = Release|Any CPU
	EndGlobalSection
	GlobalSection(SolutionProperties) = preSolution
		HideSolutionNode = FALSE
	EndGlobalSection
EndGlobal
